
Microsoft Visual Studio Solution File, Format Version 12.00
Project("{FAE04EC0-301F-11D3-BF4B-00C04F79EFBC}") = "TaskManager.Domain", "TaskManager.Domain\TaskManager.Domain.csproj", "{B365616C-A9A9-4CFC-B742-4EA179AE1A08}"
EndProject
Project("{FAE04EC0-301F-11D3-BF4B-00C04F79EFBC}") = "TaskManager.DataSource", "TaskManager.DataSource\TaskManager.DataSource.csproj", "{671C083C-F17E-4154-8668-1F4BD3478850}"
EndProject
Project("{FAE04EC0-301F-11D3-BF4B-00C04F79EFBC}") = "TaskManager.Extensions", "TaskManager.Extensions\TaskManager.Extensions.csproj", "{7AD19E96-A2B4-40B0-AC98-D66CA0A80030}"
EndProject
Project("{FAE04EC0-301F-11D3-BF4B-00C04F79EFBC}") = "TaskManager.Api", "TaskManager.Api\TaskManager.Api.csproj", "{D192B3BC-81D7-41D0-8E6E-79ACCD9953AD}"
EndProject
Global
	GlobalSection(SolutionConfigurationPlatforms) = preSolution
		Debug|Any CPU = Debug|Any CPU
		Release|Any CPU = Release|Any CPU
	EndGlobalSection
	GlobalSection(ProjectConfigurationPlatforms) = postSolution
		{B365616C-A9A9-4CFC-B742-4EA179AE1A08}.Debug|Any CPU.ActiveCfg = Debug|Any CPU
		{B365616C-A9A9-4CFC-B742-4EA179AE1A08}.Debug|Any CPU.Build.0 = Debug|Any CPU
		{B365616C-A9A9-4CFC-B742-4EA179AE1A08}.Release|Any CPU.ActiveCfg = Release|Any CPU
		{B365616C-A9A9-4CFC-B742-4EA179AE1A08}.Release|Any CPU.Build.0 = Release|Any CPU
		{671C083C-F17E-4154-8668-1F4BD3478850}.Debug|Any CPU.ActiveCfg = Debug|Any CPU
		{671C083C-F17E-4154-8668-1F4BD3478850}.Debug|Any CPU.Build.0 = Debug|Any CPU
		{671C083C-F17E-4154-8668-1F4BD3478850}.Release|Any CPU.ActiveCfg = Release|Any CPU
		{671C083C-F17E-4154-8668-1F4BD3478850}.Release|Any CPU.Build.0 = Release|Any CPU
		{7AD19E96-A2B4-40B0-AC98-D66CA0A80030}.Debug|Any CPU.ActiveCfg = Debug|Any CPU
		{7AD19E96-A2B4-40B0-AC98-D66CA0A80030}.Debug|Any CPU.Build.0 = Debug|Any CPU
		{7AD19E96-A2B4-40B0-AC98-D66CA0A80030}.Release|Any CPU.ActiveCfg = Release|Any CPU
		{7AD19E96-A2B4-40B0-AC98-D66CA0A80030}.Release|Any CPU.Build.0 = Release|Any CPU
		{D192B3BC-81D7-41D0-8E6E-79ACCD9953AD}.Debug|Any CPU.ActiveCfg = Debug|Any CPU
		{D192B3BC-81D7-41D0-8E6E-79ACCD9953AD}.Debug|Any CPU.Build.0 = Debug|Any CPU
		{D192B3BC-81D7-41D0-8E6E-79ACCD9953AD}.Release|Any CPU.ActiveCfg = Release|Any CPU
		{D192B3BC-81D7-41D0-8E6E-79ACCD9953AD}.Release|Any CPU.Build.0 = Release|Any CPU
	EndGlobalSection
EndGlobal
